
Microsoft Visual Studio Solution File, Format Version 12.00
# Visual Studio Version 17
VisualStudioVersion = 17.9.34622.214
MinimumVisualStudioVersion = 10.0.40219.1
Project("{FAE04EC0-301F-11D3-BF4B-00C04F79EFBC}") = "AvaloniaApplicationTestTask", "AvaloniaApplicationTestTask\AvaloniaApplicationTestTask.csproj", "{171F72F8-2490-47D2-AA46-CF3626EB3F22}"
EndProject
Global
	GlobalSection(SolutionConfigurationPlatforms) = preSolution
		Debug|Any CPU = Debug|Any CPU
		Release|Any CPU = Release|Any CPU
	EndGlobalSection
	GlobalSection(ProjectConfigurationPlatforms) = postSolution
		{171F72F8-2490-47D2-AA46-CF3626EB3F22}.Debug|Any CPU.ActiveCfg = Debug|Any CPU
		{171F72F8-2490-47D2-AA46-CF3626EB3F22}.Debug|Any CPU.Build.0 = Debug|Any CPU
		{171F72F8-2490-47D2-AA46-CF3626EB3F22}.Release|Any CPU.ActiveCfg = Release|Any CPU
		{171F72F8-2490-47D2-AA46-CF3626EB3F22}.Release|Any CPU.Build.0 = Release|Any CPU
	EndGlobalSection
	GlobalSection(SolutionProperties) = preSolution
		HideSolutionNode = FALSE
	EndGlobalSection
	GlobalSection(ExtensibilityGlobals) = postSolution
		SolutionGuid = {D050EDCE-5409-473C-ABE3-F59C46A93591}
	EndGlobalSection
EndGlobal
